
Microsoft Visual Studio Solution File, Format Version 12.00
# Visual Studio 2012
Project("{FAE04EC0-301F-11D3-BF4B-00C04F79EFBC}") = "Mod1_Lab1", "Mod1_Lab1\Mod1_Lab1.csproj", "{8408092D-524F-43B0-BFF0-17B87CD3749D}"
EndProject
Global
	GlobalSection(SolutionConfigurationPlatforms) = preSolution
		Debug|Any CPU = Debug|Any CPU
		Release|Any CPU = Release|Any CPU
	EndGlobalSection
	GlobalSection(ProjectConfigurationPlatforms) = postSolution
		{8408092D-524F-43B0-BFF0-17B87CD3749D}.Debug|Any CPU.ActiveCfg = Debug|Any CPU
		{8408092D-524F-43B0-BFF0-17B87CD3749D}.Debug|Any CPU.Build.0 = Debug|Any CPU
		{8408092D-524F-43B0-BFF0-17B87CD3749D}.Release|Any CPU.ActiveCfg = Release|Any CPU
		{8408092D-524F-43B0-BFF0-17B87CD3749D}.Release|Any CPU.Build.0 = Release|Any CPU
	EndGlobalSection
EndGlobal
